{
  "version": 4,
  "terraform_version": "1.13.4",
  "serial": 11,
  "lineage": "0bbef1c7-3b2a-17a8-2d22-0e93d938a196",
  "outputs": {
    "autoscaling_policy_id": {
      "value": "projects/sada-tirayr/locations/us-central1/autoscalingPolicies/sentiment-analysis-autoscaling",
      "type": "string"
    },
    "autoscaling_policy_name": {
      "value": "sentiment-analysis-autoscaling",
      "type": "string"
    },
    "bigquery_dataset_id": {
      "value": "sentiment_analysis",
      "type": "string"
    },
    "bigquery_dataset_location": {
      "value": "US",
      "type": "string"
    },
    "bigquery_table_reviews": {
      "value": "sentiment_analysis.reviews_with_sentiment",
      "type": "string"
    },
    "bigquery_table_summary": {
      "value": "sentiment_analysis.product_sentiment_summary",
      "type": "string"
    },
    "output_bucket_name": {
      "value": "sada-tirayr-sentiment-output",
      "type": "string"
    },
    "output_bucket_url": {
      "value": "gs://sada-tirayr-sentiment-output",
      "type": "string"
    },
    "staging_bucket_name": {
      "value": "sada-tirayr-sentiment-staging",
      "type": "string"
    },
    "staging_bucket_url": {
      "value": "gs://sada-tirayr-sentiment-staging",
      "type": "string"
    }
  },
  "resources": [
    {
      "mode": "managed",
      "type": "google_bigquery_dataset",
      "name": "sentiment_dataset",
      "provider": "provider[\"registry.terraform.io/hashicorp/google\"]",
      "instances": [
        {
          "schema_version": 0,
          "attributes": {
            "access": [
              {
                "dataset": [],
                "domain": "",
                "group_by_email": "",
                "iam_member": "",
                "role": "OWNER",
                "routine": [],
                "special_group": "",
                "user_by_email": "terraform-sa@sada-tirayr.iam.gserviceaccount.com",
                "view": []
              },
              {
                "dataset": [],
                "domain": "",
                "group_by_email": "",
                "iam_member": "",
                "role": "OWNER",
                "routine": [],
                "special_group": "projectOwners",
                "user_by_email": "",
                "view": []
              },
              {
                "dataset": [],
                "domain": "",
                "group_by_email": "",
                "iam_member": "",
                "role": "READER",
                "routine": [],
                "special_group": "projectReaders",
                "user_by_email": "",
                "view": []
              },
              {
                "dataset": [],
                "domain": "",
                "group_by_email": "",
                "iam_member": "",
                "role": "WRITER",
                "routine": [],
                "special_group": "projectWriters",
                "user_by_email": "",
                "view": []
              }
            ],
            "creation_time": 1761628425678,
            "dataset_id": "sentiment_analysis",
            "default_collation": "",
            "default_encryption_configuration": [],
            "default_partition_expiration_ms": 0,
            "default_table_expiration_ms": 0,
            "delete_contents_on_destroy": false,
            "description": "",
            "effective_labels": {},
            "etag": "cbaspPZLEAMclJhE7nUIGg==",
            "external_dataset_reference": [],
            "friendly_name": "",
            "id": "projects/sada-tirayr/datasets/sentiment_analysis",
            "is_case_insensitive": false,
            "labels": {},
            "last_modified_time": 1761628425678,
            "location": "US",
            "max_time_travel_hours": "168",
            "project": "sada-tirayr",
            "resource_tags": {},
            "self_link": "https://bigquery.googleapis.com/bigquery/v2/projects/sada-tirayr/datasets/sentiment_analysis",
            "storage_billing_model": "",
            "terraform_labels": {},
            "timeouts": null
          },
          "sensitive_attributes": [],
          "identity_schema_version": 0,
          "private": "eyJlMmJmYjczMC1lY2FhLTExZTYtOGY4OC0zNDM2M2JjN2M0YzAiOnsiY3JlYXRlIjoxMjAwMDAwMDAwMDAwLCJkZWxldGUiOjEyMDAwMDAwMDAwMDAsInVwZGF0ZSI6MTIwMDAwMDAwMDAwMH19"
        }
      ]
    },
    {
      "mode": "managed",
      "type": "google_bigquery_table",
      "name": "product_sentiment_summary",
      "provider": "provider[\"registry.terraform.io/hashicorp/google\"]",
      "instances": [
        {
          "schema_version": 0,
          "attributes": {
            "allow_resource_tags_on_deletion": false,
            "clustering": null,
            "creation_time": 1761628426026,
            "dataset_id": "sentiment_analysis",
            "deletion_protection": true,
            "description": "",
            "effective_labels": {},
            "encryption_configuration": [],
            "etag": "kVN9ABGnEaT3KO/X9YJVvg==",
            "expiration_time": 0,
            "external_data_configuration": [],
            "friendly_name": "",
            "id": "projects/sada-tirayr/datasets/sentiment_analysis/tables/product_sentiment_summary",
            "labels": {},
            "last_modified_time": 1761629308112,
            "location": "US",
            "materialized_view": [],
            "max_staleness": "",
            "num_bytes": 9801880,
            "num_long_term_bytes": 0,
            "num_rows": 74258,
            "project": "sada-tirayr",
            "range_partitioning": [],
            "require_partition_filter": false,
            "resource_tags": {},
            "schema": "[{\"mode\":\"NULLABLE\",\"name\":\"product_id\",\"type\":\"STRING\"},{\"mode\":\"REQUIRED\",\"name\":\"total_number_of_reviews\",\"type\":\"INTEGER\"},{\"mode\":\"NULLABLE\",\"name\":\"avg_sentiment_score\",\"type\":\"FLOAT\"},{\"mode\":\"NULLABLE\",\"name\":\"avg_review_score\",\"type\":\"FLOAT\"},{\"mode\":\"NULLABLE\",\"name\":\"pct_without_text_review\",\"type\":\"FLOAT\"},{\"mode\":\"NULLABLE\",\"name\":\"very_satisfied_pct\",\"type\":\"FLOAT\"},{\"mode\":\"NULLABLE\",\"name\":\"somewhat_satisfied_pct\",\"type\":\"FLOAT\"},{\"mode\":\"NULLABLE\",\"name\":\"neutral_pct\",\"type\":\"FLOAT\"},{\"mode\":\"NULLABLE\",\"name\":\"somewhat_dissatisfied_pct\",\"type\":\"FLOAT\"},{\"mode\":\"NULLABLE\",\"name\":\"very_dissatisfied_pct\",\"type\":\"FLOAT\"},{\"mode\":\"NULLABLE\",\"name\":\"pct_without_score_review\",\"type\":\"FLOAT\"},{\"mode\":\"NULLABLE\",\"name\":\"score_5_pct\",\"type\":\"FLOAT\"},{\"mode\":\"NULLABLE\",\"name\":\"score_4_pct\",\"type\":\"FLOAT\"},{\"mode\":\"NULLABLE\",\"name\":\"score_3_pct\",\"type\":\"FLOAT\"},{\"mode\":\"NULLABLE\",\"name\":\"score_2_pct\",\"type\":\"FLOAT\"},{\"mode\":\"NULLABLE\",\"name\":\"score_1_pct\",\"type\":\"FLOAT\"}]",
            "self_link": "https://bigquery.googleapis.com/bigquery/v2/projects/sada-tirayr/datasets/sentiment_analysis/tables/product_sentiment_summary",
            "table_constraints": [],
            "table_id": "product_sentiment_summary",
            "table_replication_info": [],
            "terraform_labels": {},
            "time_partitioning": [],
            "type": "TABLE",
            "view": []
          },
          "sensitive_attributes": [],
          "identity_schema_version": 0,
          "private": "bnVsbA==",
          "dependencies": [
            "google_bigquery_dataset.sentiment_dataset"
          ]
        }
      ]
    },
    {
      "mode": "managed",
      "type": "google_bigquery_table",
      "name": "reviews_with_sentiment",
      "provider": "provider[\"registry.terraform.io/hashicorp/google\"]",
      "instances": [
        {
          "schema_version": 0,
          "attributes": {
            "allow_resource_tags_on_deletion": false,
            "clustering": null,
            "creation_time": 1761628426046,
            "dataset_id": "sentiment_analysis",
            "deletion_protection": true,
            "description": "",
            "effective_labels": {},
            "encryption_configuration": [],
            "etag": "wRNovALwJiKRz+s+4AQ1Vw==",
            "expiration_time": 0,
            "external_data_configuration": [],
            "friendly_name": "",
            "id": "projects/sada-tirayr/datasets/sentiment_analysis/tables/reviews_with_sentiment",
            "labels": {},
            "last_modified_time": 1761629298814,
            "location": "US",
            "materialized_view": [],
            "max_staleness": "",
            "num_bytes": 285270845,
            "num_long_term_bytes": 0,
            "num_rows": 568454,
            "project": "sada-tirayr",
            "range_partitioning": [],
            "require_partition_filter": false,
            "resource_tags": {},
            "schema": "[{\"mode\":\"NULLABLE\",\"name\":\"Id\",\"type\":\"INTEGER\"},{\"mode\":\"NULLABLE\",\"name\":\"ProductId\",\"type\":\"STRING\"},{\"mode\":\"NULLABLE\",\"name\":\"UserId\",\"type\":\"STRING\"},{\"mode\":\"NULLABLE\",\"name\":\"ProfileName\",\"type\":\"STRING\"},{\"mode\":\"NULLABLE\",\"name\":\"HelpfulnessNumerator\",\"type\":\"STRING\"},{\"mode\":\"NULLABLE\",\"name\":\"HelpfulnessDenominator\",\"type\":\"STRING\"},{\"mode\":\"NULLABLE\",\"name\":\"Score\",\"type\":\"STRING\"},{\"mode\":\"NULLABLE\",\"name\":\"Time\",\"type\":\"STRING\"},{\"mode\":\"NULLABLE\",\"name\":\"Summary\",\"type\":\"STRING\"},{\"mode\":\"NULLABLE\",\"name\":\"Text\",\"type\":\"STRING\"},{\"mode\":\"NULLABLE\",\"name\":\"sentiment_score\",\"type\":\"FLOAT\"},{\"mode\":\"NULLABLE\",\"name\":\"satisfaction_level\",\"type\":\"STRING\"}]",
            "self_link": "https://bigquery.googleapis.com/bigquery/v2/projects/sada-tirayr/datasets/sentiment_analysis/tables/reviews_with_sentiment",
            "table_constraints": [],
            "table_id": "reviews_with_sentiment",
            "table_replication_info": [],
            "terraform_labels": {},
            "time_partitioning": [],
            "type": "TABLE",
            "view": []
          },
          "sensitive_attributes": [],
          "identity_schema_version": 0,
          "private": "bnVsbA==",
          "dependencies": [
            "google_bigquery_dataset.sentiment_dataset"
          ]
        }
      ]
    },
    {
      "mode": "managed",
      "type": "google_dataproc_autoscaling_policy",
      "name": "sentiment_analysis_policy",
      "provider": "provider[\"registry.terraform.io/hashicorp/google\"]",
      "instances": [
        {
          "schema_version": 0,
          "attributes": {
            "basic_algorithm": [
              {
                "cooldown_period": "120s",
                "yarn_config": [
                  {
                    "graceful_decommission_timeout": "30s",
                    "scale_down_factor": 1,
                    "scale_down_min_worker_fraction": 0,
                    "scale_up_factor": 0.5,
                    "scale_up_min_worker_fraction": 0.5
                  }
                ]
              }
            ],
            "id": "projects/sada-tirayr/locations/us-central1/autoscalingPolicies/sentiment-analysis-autoscaling",
            "location": "us-central1",
            "name": "projects/sada-tirayr/regions/us-central1/autoscalingPolicies/sentiment-analysis-autoscaling",
            "policy_id": "sentiment-analysis-autoscaling",
            "project": "sada-tirayr",
            "secondary_worker_config": [],
            "timeouts": null,
            "worker_config": [
              {
                "max_instances": 10,
                "min_instances": 2,
                "weight": 1
              }
            ]
          },
          "sensitive_attributes": [],
          "identity_schema_version": 0,
          "private": "eyJlMmJmYjczMC1lY2FhLTExZTYtOGY4OC0zNDM2M2JjN2M0YzAiOnsiY3JlYXRlIjoxMjAwMDAwMDAwMDAwLCJkZWxldGUiOjEyMDAwMDAwMDAwMDAsInVwZGF0ZSI6MTIwMDAwMDAwMDAwMH19"
        }
      ]
    },
    {
      "mode": "managed",
      "type": "google_storage_bucket",
      "name": "output_bucket",
      "provider": "provider[\"registry.terraform.io/hashicorp/google\"]",
      "instances": [
        {
          "schema_version": 2,
          "attributes": {
            "autoclass": [],
            "cors": [],
            "custom_placement_config": [],
            "default_event_based_hold": false,
            "effective_labels": {},
            "enable_object_retention": false,
            "encryption": [],
            "force_destroy": false,
            "id": "sada-tirayr-sentiment-output",
            "labels": {},
            "lifecycle_rule": [],
            "location": "US",
            "logging": [],
            "name": "sada-tirayr-sentiment-output",
            "project": "sada-tirayr",
            "project_number": 437177264669,
            "public_access_prevention": "inherited",
            "requester_pays": false,
            "retention_policy": [],
            "rpo": "DEFAULT",
            "self_link": "https://www.googleapis.com/storage/v1/b/sada-tirayr-sentiment-output",
            "soft_delete_policy": [
              {
                "effective_time": "2025-10-28T05:13:46.114Z",
                "retention_duration_seconds": 604800
              }
            ],
            "storage_class": "STANDARD",
            "terraform_labels": {},
            "timeouts": null,
            "uniform_bucket_level_access": true,
            "url": "gs://sada-tirayr-sentiment-output",
            "versioning": [],
            "website": []
          },
          "sensitive_attributes": [],
          "identity_schema_version": 0,
          "private": "eyJlMmJmYjczMC1lY2FhLTExZTYtOGY4OC0zNDM2M2JjN2M0YzAiOnsiY3JlYXRlIjo2MDAwMDAwMDAwMDAsInJlYWQiOjI0MDAwMDAwMDAwMCwidXBkYXRlIjoyNDAwMDAwMDAwMDB9LCJzY2hlbWFfdmVyc2lvbiI6IjIifQ=="
        }
      ]
    },
    {
      "mode": "managed",
      "type": "google_storage_bucket",
      "name": "staging_bucket",
      "provider": "provider[\"registry.terraform.io/hashicorp/google\"]",
      "instances": [
        {
          "schema_version": 2,
          "attributes": {
            "autoclass": [],
            "cors": [],
            "custom_placement_config": [],
            "default_event_based_hold": false,
            "effective_labels": {},
            "enable_object_retention": false,
            "encryption": [],
            "force_destroy": false,
            "id": "sada-tirayr-sentiment-staging",
            "labels": {},
            "lifecycle_rule": [],
            "location": "US",
            "logging": [],
            "name": "sada-tirayr-sentiment-staging",
            "project": "sada-tirayr",
            "project_number": 437177264669,
            "public_access_prevention": "inherited",
            "requester_pays": false,
            "retention_policy": [],
            "rpo": "DEFAULT",
            "self_link": "https://www.googleapis.com/storage/v1/b/sada-tirayr-sentiment-staging",
            "soft_delete_policy": [
              {
                "effective_time": "2025-10-28T05:13:45.915Z",
                "retention_duration_seconds": 604800
              }
            ],
            "storage_class": "STANDARD",
            "terraform_labels": {},
            "timeouts": null,
            "uniform_bucket_level_access": true,
            "url": "gs://sada-tirayr-sentiment-staging",
            "versioning": [],
            "website": []
          },
          "sensitive_attributes": [],
          "identity_schema_version": 0,
          "private": "eyJlMmJmYjczMC1lY2FhLTExZTYtOGY4OC0zNDM2M2JjN2M0YzAiOnsiY3JlYXRlIjo2MDAwMDAwMDAwMDAsInJlYWQiOjI0MDAwMDAwMDAwMCwidXBkYXRlIjoyNDAwMDAwMDAwMDB9LCJzY2hlbWFfdmVyc2lvbiI6IjIifQ=="
        }
      ]
    }
  ],
  "check_results": null
}
